
Microsoft Visual Studio Solution File, Format Version 12.00
Project("{FAE04EC0-301F-11D3-BF4B-00C04F79EFBC}") = "MinimumSpanningTree", "MinimumSpanningTree.csproj", "{61A26BCE-FA48-45E2-A995-635E8B129FAE}"
EndProject
Global
	GlobalSection(SolutionConfigurationPlatforms) = preSolution
		Debug|Any CPU = Debug|Any CPU
		Release|Any CPU = Release|Any CPU
	EndGlobalSection
	GlobalSection(ProjectConfigurationPlatforms) = postSolution
		{61A26BCE-FA48-45E2-A995-635E8B129FAE}.Debug|Any CPU.ActiveCfg = Debug|Any CPU
		{61A26BCE-FA48-45E2-A995-635E8B129FAE}.Debug|Any CPU.Build.0 = Debug|Any CPU
		{61A26BCE-FA48-45E2-A995-635E8B129FAE}.Release|Any CPU.ActiveCfg = Release|Any CPU
		{61A26BCE-FA48-45E2-A995-635E8B129FAE}.Release|Any CPU.Build.0 = Release|Any CPU
	EndGlobalSection
EndGlobal
